{
    "name": "@aappddeevv/graphql-codegen-scala-common",
    "version": "0.1.6",
    "lockfileVersion": 1,
    "requires": true,
    "dependencies": {
        "@ardatan/aggregate-error": {
            "version": "0.0.6",
            "resolved": "https://registry.npmjs.org/@ardatan/aggregate-error/-/aggregate-error-0.0.6.tgz",
            "integrity": "sha512-vyrkEHG1jrukmzTPtyWB4NLPauUw5bQeg4uhn8f+1SSynmrOcyvlb1GKQjjgoBzElLdfXCRYX8UnBlhklOHYRQ==",
            "dev": true,
            "requires": {
                "tslib": "~2.0.1"
            },
            "dependencies": {
                "tslib": {
                    "version": "2.0.3",
                    "resolved": "https://registry.npmjs.org/tslib/-/tslib-2.0.3.tgz",
                    "integrity": "sha512-uZtkfKblCEQtZKBF6EBXVZeQNl82yqtDQdv+eck8u7tdPxjLu2/lp5/uPW+um2tpuxINHWy3GhiccY7QgEaVHQ==",
                    "dev": true
                }
            }
        },
        "@graphql-codegen/add": {
            "version": "1.17.7",
            "resolved": "https://registry.npmjs.org/@graphql-codegen/add/-/add-1.17.7.tgz",
            "integrity": "sha512-ER8mZmFRWIek6WO/4J8OPRkMjMQW0GSmHUzTgLJvbH/29RnQgyJNGBpliIebRfjyDiSvYbGrfutPK5tyPiXKUg==",
            "dev": true,
            "requires": {
                "@graphql-codegen/plugin-helpers": "1.17.7",
                "tslib": "~2.0.0"
            },
            "dependencies": {
                "@graphql-codegen/plugin-helpers": {
                    "version": "1.17.7",
                    "resolved": "https://registry.npmjs.org/@graphql-codegen/plugin-helpers/-/plugin-helpers-1.17.7.tgz",
                    "integrity": "sha512-LsXS0s/ZOACZXa3W29ekcaQLzP8TsYzow6nIjW6rtkWX5T0EDooBQbDn1cdLdlpenqbUU+vtONwR6Qqc6hrq2Q==",
                    "dev": true,
                    "requires": {
                        "@graphql-tools/utils": "^6.0.0",
                        "camel-case": "4.1.1",
                        "common-tags": "1.8.0",
                        "constant-case": "3.0.3",
                        "import-from": "3.0.0",
                        "lodash": "~4.17.15",
                        "lower-case": "2.0.1",
                        "param-case": "3.0.3",
                        "pascal-case": "3.1.1",
                        "tslib": "~2.0.0",
                        "upper-case": "2.0.1"
                    }
                },
                "tslib": {
                    "version": "2.0.3",
                    "resolved": "https://registry.npmjs.org/tslib/-/tslib-2.0.3.tgz",
                    "integrity": "sha512-uZtkfKblCEQtZKBF6EBXVZeQNl82yqtDQdv+eck8u7tdPxjLu2/lp5/uPW+um2tpuxINHWy3GhiccY7QgEaVHQ==",
                    "dev": true
                }
            }
        },
        "@graphql-tools/utils": {
            "version": "6.2.4",
            "resolved": "https://registry.npmjs.org/@graphql-tools/utils/-/utils-6.2.4.tgz",
            "integrity": "sha512-ybgZ9EIJE3JMOtTrTd2VcIpTXtDrn2q6eiYkeYMKRVh3K41+LZa6YnR2zKERTXqTWqhobROwLt4BZbw2O3Aeeg==",
            "dev": true,
            "requires": {
                "@ardatan/aggregate-error": "0.0.6",
                "camel-case": "4.1.1",
                "tslib": "~2.0.1"
            },
            "dependencies": {
                "tslib": {
                    "version": "2.0.3",
                    "resolved": "https://registry.npmjs.org/tslib/-/tslib-2.0.3.tgz",
                    "integrity": "sha512-uZtkfKblCEQtZKBF6EBXVZeQNl82yqtDQdv+eck8u7tdPxjLu2/lp5/uPW+um2tpuxINHWy3GhiccY7QgEaVHQ==",
                    "dev": true
                }
            }
        },
        "camel-case": {
            "version": "4.1.1",
            "resolved": "https://registry.npmjs.org/camel-case/-/camel-case-4.1.1.tgz",
            "integrity": "sha512-7fa2WcG4fYFkclIvEmxBbTvmibwF2/agfEBc6q3lOpVu0A13ltLsA+Hr/8Hp6kp5f+G7hKi6t8lys6XxP+1K6Q==",
            "dev": true,
            "requires": {
                "pascal-case": "^3.1.1",
                "tslib": "^1.10.0"
            }
        },
        "common-tags": {
            "version": "1.8.0",
            "resolved": "https://registry.npmjs.org/common-tags/-/common-tags-1.8.0.tgz",
            "integrity": "sha512-6P6g0uetGpW/sdyUy/iQQCbFF0kWVMSIVSyYz7Zgjcgh8mgw8PQzDNZeyZ5DQ2gM7LBoZPHmnjz8rUthkBG5tw==",
            "dev": true
        },
        "constant-case": {
            "version": "3.0.3",
            "resolved": "https://registry.npmjs.org/constant-case/-/constant-case-3.0.3.tgz",
            "integrity": "sha512-FXtsSnnrFYpzDmvwDGQW+l8XK3GV1coLyBN0eBz16ZUzGaZcT2ANVCJmLeuw2GQgxKHQIe9e0w2dzkSfaRlUmA==",
            "dev": true,
            "requires": {
                "no-case": "^3.0.3",
                "tslib": "^1.10.0",
                "upper-case": "^2.0.1"
            }
        },
        "debug": {
            "version": "4.1.1",
            "resolved": "https://registry.npmjs.org/debug/-/debug-4.1.1.tgz",
            "integrity": "sha512-pYAIzeRo8J6KPEaJ0VWOh5Pzkbw/RetuzehGM7QRRX5he4fPHx2rdKMB256ehJCkX+XRQm16eZLqLNS8RSZXZw==",
            "requires": {
                "ms": "^2.1.1"
            }
        },
        "dot-case": {
            "version": "3.0.3",
            "resolved": "https://registry.npmjs.org/dot-case/-/dot-case-3.0.3.tgz",
            "integrity": "sha512-7hwEmg6RiSQfm/GwPL4AAWXKy3YNNZA3oFv2Pdiey0mwkRCPZ9x6SZbkLcn8Ma5PYeVokzoD4Twv2n7LKp5WeA==",
            "dev": true,
            "requires": {
                "no-case": "^3.0.3",
                "tslib": "^1.10.0"
            }
        },
        "import-from": {
            "version": "3.0.0",
            "resolved": "https://registry.npmjs.org/import-from/-/import-from-3.0.0.tgz",
            "integrity": "sha512-CiuXOFFSzkU5x/CR0+z7T91Iht4CXgfCxVOFRhh2Zyhg5wOpWvvDLQUsWl+gcN+QscYBjez8hDCt85O7RLDttQ==",
            "dev": true,
            "requires": {
                "resolve-from": "^5.0.0"
            }
        },
        "lodash": {
            "version": "4.17.15",
            "resolved": "https://registry.npmjs.org/lodash/-/lodash-4.17.15.tgz",
            "integrity": "sha512-8xOcRHvCjnocdS5cpwXQXVzmmh5e5+saE2QGoeQmbKmRS6J3VQppPOIt0MnmE+4xlZoumy0GPG0D0MVIQbNA1A==",
            "dev": true
        },
        "lower-case": {
            "version": "2.0.1",
            "resolved": "https://registry.npmjs.org/lower-case/-/lower-case-2.0.1.tgz",
            "integrity": "sha512-LiWgfDLLb1dwbFQZsSglpRj+1ctGnayXz3Uv0/WO8n558JycT5fg6zkNcnW0G68Nn0aEldTFeEfmjCfmqry/rQ==",
            "requires": {
                "tslib": "^1.10.0"
            }
        },
        "ms": {
            "version": "2.1.2",
            "resolved": "https://registry.npmjs.org/ms/-/ms-2.1.2.tgz",
            "integrity": "sha512-sGkPx+VjMtmA6MX27oA4FBFELFCZZ4S4XqeGOXCv68tT+jb3vk/RyaKWP0PTKyWtmLSM0b+adUTEvbs1PEaH2w=="
        },
        "no-case": {
            "version": "3.0.3",
            "resolved": "https://registry.npmjs.org/no-case/-/no-case-3.0.3.tgz",
            "integrity": "sha512-ehY/mVQCf9BL0gKfsJBvFJen+1V//U+0HQMPrWct40ixE4jnv0bfvxDbWtAHL9EcaPEOJHVVYKoQn1TlZUB8Tw==",
            "requires": {
                "lower-case": "^2.0.1",
                "tslib": "^1.10.0"
            }
        },
        "param-case": {
            "version": "3.0.3",
            "resolved": "https://registry.npmjs.org/param-case/-/param-case-3.0.3.tgz",
            "integrity": "sha512-VWBVyimc1+QrzappRs7waeN2YmoZFCGXWASRYX1/rGHtXqEcrGEIDm+jqIwFa2fRXNgQEwrxaYuIrX0WcAguTA==",
            "dev": true,
            "requires": {
                "dot-case": "^3.0.3",
                "tslib": "^1.10.0"
            }
        },
        "pascal-case": {
            "version": "3.1.1",
            "resolved": "https://registry.npmjs.org/pascal-case/-/pascal-case-3.1.1.tgz",
            "integrity": "sha512-XIeHKqIrsquVTQL2crjq3NfJUxmdLasn3TYOU0VBM+UX2a6ztAWBlJQBePLGY7VHW8+2dRadeIPK5+KImwTxQA==",
            "requires": {
                "no-case": "^3.0.3",
                "tslib": "^1.10.0"
            }
        },
        "resolve-from": {
            "version": "5.0.0",
            "resolved": "https://registry.npmjs.org/resolve-from/-/resolve-from-5.0.0.tgz",
            "integrity": "sha512-qYg9KP24dD5qka9J47d0aVky0N+b4fTU89LN9iDnjB5waksiC49rvMB0PrUJQGoTmH50XPiqOvAjDfaijGxYZw==",
            "dev": true
        },
        "tslib": {
            "version": "1.10.0",
            "resolved": "https://registry.npmjs.org/tslib/-/tslib-1.10.0.tgz",
            "integrity": "sha512-qOebF53frne81cf0S9B41ByenJ3/IuH8yJKngAX35CmiZySA0khhkovshKK+jGCaMnVomla7gVlIcc3EvKPbTQ=="
        },
        "typescript": {
            "version": "3.9.10",
            "resolved": "https://registry.npmjs.org/typescript/-/typescript-3.9.10.tgz",
            "integrity": "sha512-w6fIxVE/H1PkLKcCPsFqKE7Kv7QUwhU8qQY2MueZXWx5cPZdwFupLgKK3vntcK98BtNHZtAF4LA/yl2a7k8R6Q==",
            "dev": true
        },
        "upper-case": {
            "version": "2.0.1",
            "resolved": "https://registry.npmjs.org/upper-case/-/upper-case-2.0.1.tgz",
            "integrity": "sha512-laAsbea9SY5osxrv7S99vH9xAaJKrw5Qpdh4ENRLcaxipjKsiaBwiAsxfa8X5mObKNTQPsupSq0J/VIxsSJe3A==",
            "dev": true,
            "requires": {
                "tslib": "^1.10.0"
            }
        }
    }
}
